
Microsoft Visual Studio Solution File, Format Version 12.00
# Visual Studio Version 17
VisualStudioVersion = 17.3.32825.248
MinimumVisualStudioVersion = 10.0.40219.1
Project("{FAE04EC0-301F-11D3-BF4B-00C04F79EFBC}") = "qwerty", "qwerty\qwerty.csproj", "{D79E0CA8-54EB-4202-906B-099201CB7FBC}"
EndProject
Global
	GlobalSection(SolutionConfigurationPlatforms) = preSolution
		Debug|Any CPU = Debug|Any CPU
		Release|Any CPU = Release|Any CPU
	EndGlobalSection
	GlobalSection(ProjectConfigurationPlatforms) = postSolution
		{D79E0CA8-54EB-4202-906B-099201CB7FBC}.Debug|Any CPU.ActiveCfg = Debug|Any CPU
		{D79E0CA8-54EB-4202-906B-099201CB7FBC}.Debug|Any CPU.Build.0 = Debug|Any CPU
		{D79E0CA8-54EB-4202-906B-099201CB7FBC}.Release|Any CPU.ActiveCfg = Release|Any CPU
		{D79E0CA8-54EB-4202-906B-099201CB7FBC}.Release|Any CPU.Build.0 = Release|Any CPU
	EndGlobalSection
	GlobalSection(SolutionProperties) = preSolution
		HideSolutionNode = FALSE
	EndGlobalSection
	GlobalSection(ExtensibilityGlobals) = postSolution
		SolutionGuid = {B17B3139-9A64-4C7F-8C1D-087BAB7C62FF}
	EndGlobalSection
EndGlobal
